
Microsoft Visual Studio Solution File, Format Version 12.00
# Visual Studio Version 17
VisualStudioVersion = 17.10.35122.118
MinimumVisualStudioVersion = 10.0.40219.1
Project("{FAE04EC0-301F-11D3-BF4B-00C04F79EFBC}") = "BitOperation", "BitOperation\BitOperation.csproj", "{2985F39F-C563-4DA4-9B59-3FD9209C5794}"
EndProject
Global
	GlobalSection(SolutionConfigurationPlatforms) = preSolution
		Debug|Any CPU = Debug|Any CPU
		Release|Any CPU = Release|Any CPU
	EndGlobalSection
	GlobalSection(ProjectConfigurationPlatforms) = postSolution
		{2985F39F-C563-4DA4-9B59-3FD9209C5794}.Debug|Any CPU.ActiveCfg = Debug|Any CPU
		{2985F39F-C563-4DA4-9B59-3FD9209C5794}.Debug|Any CPU.Build.0 = Debug|Any CPU
		{2985F39F-C563-4DA4-9B59-3FD9209C5794}.Release|Any CPU.ActiveCfg = Release|Any CPU
		{2985F39F-C563-4DA4-9B59-3FD9209C5794}.Release|Any CPU.Build.0 = Release|Any CPU
	EndGlobalSection
	GlobalSection(SolutionProperties) = preSolution
		HideSolutionNode = FALSE
	EndGlobalSection
	GlobalSection(ExtensibilityGlobals) = postSolution
		SolutionGuid = {0A552219-180F-4D47-B168-FA7E9A82AAA8}
	EndGlobalSection
EndGlobal
